
Microsoft Visual Studio Solution File, Format Version 12.00
# Visual Studio 15
VisualStudioVersion = 15.0.27703.2042
MinimumVisualStudioVersion = 10.0.40219.1
Project("{8BC9CEB8-8B4A-11D0-8D11-00A0C91BC942}") = "BinaryTree", "BinaryTree.vcxproj", "{D757B031-1F2F-4FEE-B929-BBFD29794D22}"
EndProject
Global
	GlobalSection(SolutionConfigurationPlatforms) = preSolution
		Debug|x64 = Debug|x64
		Debug|x86 = Debug|x86
		Release|x64 = Release|x64
		Release|x86 = Release|x86
	EndGlobalSection
	GlobalSection(ProjectConfigurationPlatforms) = postSolution
		{D757B031-1F2F-4FEE-B929-BBFD29794D22}.Debug|x64.ActiveCfg = Debug|x64
		{D757B031-1F2F-4FEE-B929-BBFD29794D22}.Debug|x64.Build.0 = Debug|x64
		{D757B031-1F2F-4FEE-B929-BBFD29794D22}.Debug|x86.ActiveCfg = Debug|Win32
		{D757B031-1F2F-4FEE-B929-BBFD29794D22}.Debug|x86.Build.0 = Debug|Win32
		{D757B031-1F2F-4FEE-B929-BBFD29794D22}.Release|x64.ActiveCfg = Release|x64
		{D757B031-1F2F-4FEE-B929-BBFD29794D22}.Release|x64.Build.0 = Release|x64
		{D757B031-1F2F-4FEE-B929-BBFD29794D22}.Release|x86.ActiveCfg = Release|Win32
		{D757B031-1F2F-4FEE-B929-BBFD29794D22}.Release|x86.Build.0 = Release|Win32
	EndGlobalSection
	GlobalSection(SolutionProperties) = preSolution
		HideSolutionNode = FALSE
	EndGlobalSection
	GlobalSection(ExtensibilityGlobals) = postSolution
		SolutionGuid = {E0F8AC9D-4833-4ADE-B8F6-E48115EC98DB}
	EndGlobalSection
EndGlobal
